
Microsoft Visual Studio Solution File, Format Version 12.00
# Visual Studio Version 17
VisualStudioVersion = 17.9.34607.119
MinimumVisualStudioVersion = 10.0.40219.1
Project("{FAE04EC0-301F-11D3-BF4B-00C04F79EFBC}") = "SupermarketManagement", "SupermarketManagement\SupermarketManagement.csproj", "{44B0CA16-4C45-46FD-A556-87B9F57AD8E0}"
EndProject
Global
	GlobalSection(SolutionConfigurationPlatforms) = preSolution
		Debug|Any CPU = Debug|Any CPU
		Release|Any CPU = Release|Any CPU
	EndGlobalSection
	GlobalSection(ProjectConfigurationPlatforms) = postSolution
		{44B0CA16-4C45-46FD-A556-87B9F57AD8E0}.Debug|Any CPU.ActiveCfg = Debug|Any CPU
		{44B0CA16-4C45-46FD-A556-87B9F57AD8E0}.Debug|Any CPU.Build.0 = Debug|Any CPU
		{44B0CA16-4C45-46FD-A556-87B9F57AD8E0}.Release|Any CPU.ActiveCfg = Release|Any CPU
		{44B0CA16-4C45-46FD-A556-87B9F57AD8E0}.Release|Any CPU.Build.0 = Release|Any CPU
	EndGlobalSection
	GlobalSection(SolutionProperties) = preSolution
		HideSolutionNode = FALSE
	EndGlobalSection
	GlobalSection(ExtensibilityGlobals) = postSolution
		SolutionGuid = {8D263958-DD68-4C73-9004-48EC2A654B61}
	EndGlobalSection
EndGlobal
